
Microsoft Visual Studio Solution File, Format Version 12.00
# Visual Studio Version 17
VisualStudioVersion = 17.7.34003.232
MinimumVisualStudioVersion = 10.0.40219.1
Project("{8BC9CEB8-8B4A-11D0-8D11-00A0C91BC942}") = "Inheritance", "Inheritance\Inheritance.vcxproj", "{FB657C1B-3329-491B-946B-172EE8F4C7C6}"
EndProject
Global
	GlobalSection(SolutionConfigurationPlatforms) = preSolution
		Debug|x64 = Debug|x64
		Debug|x86 = Debug|x86
		Release|x64 = Release|x64
		Release|x86 = Release|x86
	EndGlobalSection
	GlobalSection(ProjectConfigurationPlatforms) = postSolution
		{FB657C1B-3329-491B-946B-172EE8F4C7C6}.Debug|x64.ActiveCfg = Debug|x64
		{FB657C1B-3329-491B-946B-172EE8F4C7C6}.Debug|x64.Build.0 = Debug|x64
		{FB657C1B-3329-491B-946B-172EE8F4C7C6}.Debug|x86.ActiveCfg = Debug|Win32
		{FB657C1B-3329-491B-946B-172EE8F4C7C6}.Debug|x86.Build.0 = Debug|Win32
		{FB657C1B-3329-491B-946B-172EE8F4C7C6}.Release|x64.ActiveCfg = Release|x64
		{FB657C1B-3329-491B-946B-172EE8F4C7C6}.Release|x64.Build.0 = Release|x64
		{FB657C1B-3329-491B-946B-172EE8F4C7C6}.Release|x86.ActiveCfg = Release|Win32
		{FB657C1B-3329-491B-946B-172EE8F4C7C6}.Release|x86.Build.0 = Release|Win32
	EndGlobalSection
	GlobalSection(SolutionProperties) = preSolution
		HideSolutionNode = FALSE
	EndGlobalSection
	GlobalSection(ExtensibilityGlobals) = postSolution
		SolutionGuid = {DFECE8E2-58ED-4AF0-AE72-F55DD2FDA2FB}
	EndGlobalSection
EndGlobal
